github.com/adityaputra42/go-hello v1.0.0 h1:5Ou5sB0lM688eclssVKDFtXAGieSJAz0sn1/2qa1IWk=
github.com/adityaputra42/go-hello v1.0.0/go.mod h1:JsLEIN3C+zUJmB90bWd8s0Ry5j20R/ZX754CzW8s80U=
github.com/adityaputra42/go-hello v1.0.1 h1:UfyIFBJfzvcjQiZKJduC0Sl86m/JlRRPM6CRxKMOK/I=
github.com/adityaputra42/go-hello v1.0.1/go.mod h1:JsLEIN3C+zUJmB90bWd8s0Ry5j20R/ZX754CzW8s80U=
github.com/adityaputra42/go-hello/v2 v2.0.0 h1:TepLKkS8mUMRC5z04P5EuQNbMxmz5t47gfpNF3SNvBc=
github.com/adityaputra42/go-hello/v2 v2.0.0/go.mod h1:0Za8IIG3m1FNZHERVZYNLyXaG48jXVlZ6FlCmjwb0fI=
